
Microsoft Visual Studio Solution File, Format Version 12.00
# Visual Studio 14
VisualStudioVersion = 14.0.25420.1
MinimumVisualStudioVersion = 10.0.40219.1
Project("{FAE04EC0-301F-11D3-BF4B-00C04F79EFBC}") = "XF_LV_Btn", "XF_LV_Btn\XF_LV_Btn\XF_LV_Btn.csproj", "{2C86FE52-A2BA-43E5-A6AF-A806A1F5CCFF}"
EndProject
Project("{FAE04EC0-301F-11D3-BF4B-00C04F79EFBC}") = "XF_LV_Btn.Droid", "XF_LV_Btn\XF_LV_Btn.Droid\XF_LV_Btn.Droid.csproj", "{E230097B-3EB8-46CC-AEC2-2DF28B3620EE}"
EndProject
Project("{FAE04EC0-301F-11D3-BF4B-00C04F79EFBC}") = "XF_LV_Btn.iOS", "XF_LV_Btn\XF_LV_Btn.iOS\XF_LV_Btn.iOS.csproj", "{CEDE30F0-57CA-4D40-81F3-319FE4BC0188}"
EndProject
Global
	GlobalSection(SolutionConfigurationPlatforms) = preSolution
		Ad-Hoc|Any CPU = Ad-Hoc|Any CPU
		Ad-Hoc|ARM = Ad-Hoc|ARM
		Ad-Hoc|iPhone = Ad-Hoc|iPhone
		Ad-Hoc|iPhoneSimulator = Ad-Hoc|iPhoneSimulator
		Ad-Hoc|x64 = Ad-Hoc|x64
		Ad-Hoc|x86 = Ad-Hoc|x86
		AppStore|Any CPU = AppStore|Any CPU
		AppStore|ARM = AppStore|ARM
		AppStore|iPhone = AppStore|iPhone
		AppStore|iPhoneSimulator = AppStore|iPhoneSimulator
		AppStore|x64 = AppStore|x64
		AppStore|x86 = AppStore|x86
		Debug|Any CPU = Debug|Any CPU
		Debug|ARM = Debug|ARM
		Debug|iPhone = Debug|iPhone
		Debug|iPhoneSimulator = Debug|iPhoneSimulator
		Debug|x64 = Debug|x64
		Debug|x86 = Debug|x86
		Release|Any CPU = Release|Any CPU
		Release|ARM = Release|ARM
		Release|iPhone = Release|iPhone
		Release|iPhoneSimulator = Release|iPhoneSimulator
		Release|x64 = Release|x64
		Release|x86 = Release|x86
	EndGlobalSection
	GlobalSection(ProjectConfigurationPlatforms) = postSolution
		{2C86FE52-A2BA-43E5-A6AF-A806A1F5CCFF}.Ad-Hoc|Any CPU.ActiveCfg = Release|Any CPU
		{2C86FE52-A2BA-43E5-A6AF-A806A1F5CCFF}.Ad-Hoc|Any CPU.Build.0 = Release|Any CPU
		{2C86FE52-A2BA-43E5-A6AF-A806A1F5CCFF}.Ad-Hoc|ARM.ActiveCfg = Release|Any CPU
		{2C86FE52-A2BA-43E5-A6AF-A806A1F5CCFF}.Ad-Hoc|ARM.Build.0 = Release|Any CPU
		{2C86FE52-A2BA-43E5-A6AF-A806A1F5CCFF}.Ad-Hoc|iPhone.ActiveCfg = Release|Any CPU
		{2C86FE52-A2BA-43E5-A6AF-A806A1F5CCFF}.Ad-Hoc|iPhone.Build.0 = Release|Any CPU
		{2C86FE52-A2BA-43E5-A6AF-A806A1F5CCFF}.Ad-Hoc|iPhoneSimulator.ActiveCfg = Release|Any CPU
		{2C86FE52-A2BA-43E5-A6AF-A806A1F5CCFF}.Ad-Hoc|iPhoneSimulator.Build.0 = Release|Any CPU
		{2C86FE52-A2BA-43E5-A6AF-A806A1F5CCFF}.Ad-Hoc|x64.ActiveCfg = Release|Any CPU
		{2C86FE52-A2BA-43E5-A6AF-A806A1F5CCFF}.Ad-Hoc|x64.Build.0 = Release|Any CPU
		{2C86FE52-A2BA-43E5-A6AF-A806A1F5CCFF}.Ad-Hoc|x86.ActiveCfg = Release|Any CPU
		{2C86FE52-A2BA-43E5-A6AF-A806A1F5CCFF}.Ad-Hoc|x86.Build.0 = Release|Any CPU
		{2C86FE52-A2BA-43E5-A6AF-A806A1F5CCFF}.AppStore|Any CPU.ActiveCfg = Release|Any CPU
		{2C86FE52-A2BA-43E5-A6AF-A806A1F5CCFF}.AppStore|Any CPU.Build.0 = Release|Any CPU
		{2C86FE52-A2BA-43E5-A6AF-A806A1F5CCFF}.AppStore|ARM.ActiveCfg = Release|Any CPU
		{2C86FE52-A2BA-43E5-A6AF-A806A1F5CCFF}.AppStore|ARM.Build.0 = Release|Any CPU
		{2C86FE52-A2BA-43E5-A6AF-A806A1F5CCFF}.AppStore|iPhone.ActiveCfg = Release|Any CPU
		{2C86FE52-A2BA-43E5-A6AF-A806A1F5CCFF}.AppStore|iPhone.Build.0 = Release|Any CPU
		{2C86FE52-A2BA-43E5-A6AF-A806A1F5CCFF}.AppStore|iPhoneSimulator.ActiveCfg = Release|Any CPU
		{2C86FE52-A2BA-43E5-A6AF-A806A1F5CCFF}.AppStore|iPhoneSimulator.Build.0 = Release|Any CPU
		{2C86FE52-A2BA-43E5-A6AF-A806A1F5CCFF}.AppStore|x64.ActiveCfg = Release|Any CPU
		{2C86FE52-A2BA-43E5-A6AF-A806A1F5CCFF}.AppStore|x64.Build.0 = Release|Any CPU
		{2C86FE52-A2BA-43E5-A6AF-A806A1F5CCFF}.AppStore|x86.ActiveCfg = Release|Any CPU
		{2C86FE52-A2BA-43E5-A6AF-A806A1F5CCFF}.AppStore|x86.Build.0 = Release|Any CPU
		{2C86FE52-A2BA-43E5-A6AF-A806A1F5CCFF}.Debug|Any CPU.ActiveCfg = Debug|Any CPU
		{2C86FE52-A2BA-43E5-A6AF-A806A1F5CCFF}.Debug|Any CPU.Build.0 = Debug|Any CPU
		{2C86FE52-A2BA-43E5-A6AF-A806A1F5CCFF}.Debug|ARM.ActiveCfg = Debug|Any CPU
		{2C86FE52-A2BA-43E5-A6AF-A806A1F5CCFF}.Debug|ARM.Build.0 = Debug|Any CPU
		{2C86FE52-A2BA-43E5-A6AF-A806A1F5CCFF}.Debug|iPhone.ActiveCfg = Debug|Any CPU
		{2C86FE52-A2BA-43E5-A6AF-A806A1F5CCFF}.Debug|iPhone.Build.0 = Debug|Any CPU
		{2C86FE52-A2BA-43E5-A6AF-A806A1F5CCFF}.Debug|iPhoneSimulator.ActiveCfg = Debug|Any CPU
		{2C86FE52-A2BA-43E5-A6AF-A806A1F5CCFF}.Debug|iPhoneSimulator.Build.0 = Debug|Any CPU
		{2C86FE52-A2BA-43E5-A6AF-A806A1F5CCFF}.Debug|x64.ActiveCfg = Debug|Any CPU
		{2C86FE52-A2BA-43E5-A6AF-A806A1F5CCFF}.Debug|x64.Build.0 = Debug|Any CPU
		{2C86FE52-A2BA-43E5-A6AF-A806A1F5CCFF}.Debug|x86.ActiveCfg = Debug|Any CPU
		{2C86FE52-A2BA-43E5-A6AF-A806A1F5CCFF}.Debug|x86.Build.0 = Debug|Any CPU
		{2C86FE52-A2BA-43E5-A6AF-A806A1F5CCFF}.Release|Any CPU.ActiveCfg = Release|Any CPU
		{2C86FE52-A2BA-43E5-A6AF-A806A1F5CCFF}.Release|Any CPU.Build.0 = Release|Any CPU
		{2C86FE52-A2BA-43E5-A6AF-A806A1F5CCFF}.Release|ARM.ActiveCfg = Release|Any CPU
		{2C86FE52-A2BA-43E5-A6AF-A806A1F5CCFF}.Release|ARM.Build.0 = Release|Any CPU
		{2C86FE52-A2BA-43E5-A6AF-A806A1F5CCFF}.Release|iPhone.ActiveCfg = Release|Any CPU
		{2C86FE52-A2BA-43E5-A6AF-A806A1F5CCFF}.Release|iPhone.Build.0 = Release|Any CPU
		{2C86FE52-A2BA-43E5-A6AF-A806A1F5CCFF}.Release|iPhoneSimulator.ActiveCfg = Release|Any CPU
		{2C86FE52-A2BA-43E5-A6AF-A806A1F5CCFF}.Release|iPhoneSimulator.Build.0 = Release|Any CPU
		{2C86FE52-A2BA-43E5-A6AF-A806A1F5CCFF}.Release|x64.ActiveCfg = Release|Any CPU
		{2C86FE52-A2BA-43E5-A6AF-A806A1F5CCFF}.Release|x64.Build.0 = Release|Any CPU
		{2C86FE52-A2BA-43E5-A6AF-A806A1F5CCFF}.Release|x86.ActiveCfg = Release|Any CPU
		{2C86FE52-A2BA-43E5-A6AF-A806A1F5CCFF}.Release|x86.Build.0 = Release|Any CPU
		{E230097B-3EB8-46CC-AEC2-2DF28B3620EE}.Ad-Hoc|Any CPU.ActiveCfg = Release|Any CPU
		{E230097B-3EB8-46CC-AEC2-2DF28B3620EE}.Ad-Hoc|Any CPU.Build.0 = Release|Any CPU
		{E230097B-3EB8-46CC-AEC2-2DF28B3620EE}.Ad-Hoc|Any CPU.Deploy.0 = Release|Any CPU
		{E230097B-3EB8-46CC-AEC2-2DF28B3620EE}.Ad-Hoc|ARM.ActiveCfg = Release|Any CPU
		{E230097B-3EB8-46CC-AEC2-2DF28B3620EE}.Ad-Hoc|ARM.Build.0 = Release|Any CPU
		{E230097B-3EB8-46CC-AEC2-2DF28B3620EE}.Ad-Hoc|ARM.Deploy.0 = Release|Any CPU
		{E230097B-3EB8-46CC-AEC2-2DF28B3620EE}.Ad-Hoc|iPhone.ActiveCfg = Release|Any CPU
		{E230097B-3EB8-46CC-AEC2-2DF28B3620EE}.Ad-Hoc|iPhone.Build.0 = Release|Any CPU
		{E230097B-3EB8-46CC-AEC2-2DF28B3620EE}.Ad-Hoc|iPhone.Deploy.0 = Release|Any CPU
		{E230097B-3EB8-46CC-AEC2-2DF28B3620EE}.Ad-Hoc|iPhoneSimulator.ActiveCfg = Release|Any CPU
		{E230097B-3EB8-46CC-AEC2-2DF28B3620EE}.Ad-Hoc|iPhoneSimulator.Build.0 = Release|Any CPU
		{E230097B-3EB8-46CC-AEC2-2DF28B3620EE}.Ad-Hoc|iPhoneSimulator.Deploy.0 = Release|Any CPU
		{E230097B-3EB8-46CC-AEC2-2DF28B3620EE}.Ad-Hoc|x64.ActiveCfg = Release|Any CPU
		{E230097B-3EB8-46CC-AEC2-2DF28B3620EE}.Ad-Hoc|x64.Build.0 = Release|Any CPU
		{E230097B-3EB8-46CC-AEC2-2DF28B3620EE}.Ad-Hoc|x64.Deploy.0 = Release|Any CPU
		{E230097B-3EB8-46CC-AEC2-2DF28B3620EE}.Ad-Hoc|x86.ActiveCfg = Release|Any CPU
		{E230097B-3EB8-46CC-AEC2-2DF28B3620EE}.Ad-Hoc|x86.Build.0 = Release|Any CPU
		{E230097B-3EB8-46CC-AEC2-2DF28B3620EE}.Ad-Hoc|x86.Deploy.0 = Release|Any CPU
		{E230097B-3EB8-46CC-AEC2-2DF28B3620EE}.AppStore|Any CPU.ActiveCfg = Release|Any CPU
		{E230097B-3EB8-46CC-AEC2-2DF28B3620EE}.AppStore|Any CPU.Build.0 = Release|Any CPU
		{E230097B-3EB8-46CC-AEC2-2DF28B3620EE}.AppStore|Any CPU.Deploy.0 = Release|Any CPU
		{E230097B-3EB8-46CC-AEC2-2DF28B3620EE}.AppStore|ARM.ActiveCfg = Release|Any CPU
		{E230097B-3EB8-46CC-AEC2-2DF28B3620EE}.AppStore|ARM.Build.0 = Release|Any CPU
		{E230097B-3EB8-46CC-AEC2-2DF28B3620EE}.AppStore|ARM.Deploy.0 = Release|Any CPU
		{E230097B-3EB8-46CC-AEC2-2DF28B3620EE}.AppStore|iPhone.ActiveCfg = Release|Any CPU
		{E230097B-3EB8-46CC-AEC2-2DF28B3620EE}.AppStore|iPhone.Build.0 = Release|Any CPU
		{E230097B-3EB8-46CC-AEC2-2DF28B3620EE}.AppStore|iPhone.Deploy.0 = Release|Any CPU
		{E230097B-3EB8-46CC-AEC2-2DF28B3620EE}.AppStore|iPhoneSimulator.ActiveCfg = Release|Any CPU
		{E230097B-3EB8-46CC-AEC2-2DF28B3620EE}.AppStore|iPhoneSimulator.Build.0 = Release|Any CPU
		{E230097B-3EB8-46CC-AEC2-2DF28B3620EE}.AppStore|iPhoneSimulator.Deploy.0 = Release|Any CPU
		{E230097B-3EB8-46CC-AEC2-2DF28B3620EE}.AppStore|x64.ActiveCfg = Release|Any CPU
		{E230097B-3EB8-46CC-AEC2-2DF28B3620EE}.AppStore|x64.Build.0 = Release|Any CPU
		{E230097B-3EB8-46CC-AEC2-2DF28B3620EE}.AppStore|x64.Deploy.0 = Release|Any CPU
		{E230097B-3EB8-46CC-AEC2-2DF28B3620EE}.AppStore|x86.ActiveCfg = Release|Any CPU
		{E230097B-3EB8-46CC-AEC2-2DF28B3620EE}.AppStore|x86.Build.0 = Release|Any CPU
		{E230097B-3EB8-46CC-AEC2-2DF28B3620EE}.AppStore|x86.Deploy.0 = Release|Any CPU
		{E230097B-3EB8-46CC-AEC2-2DF28B3620EE}.Debug|Any CPU.ActiveCfg = Debug|Any CPU
		{E230097B-3EB8-46CC-AEC2-2DF28B3620EE}.Debug|Any CPU.Build.0 = Debug|Any CPU
		{E230097B-3EB8-46CC-AEC2-2DF28B3620EE}.Debug|Any CPU.Deploy.0 = Debug|Any CPU
		{E230097B-3EB8-46CC-AEC2-2DF28B3620EE}.Debug|ARM.ActiveCfg = Debug|Any CPU
		{E230097B-3EB8-46CC-AEC2-2DF28B3620EE}.Debug|ARM.Build.0 = Debug|Any CPU
		{E230097B-3EB8-46CC-AEC2-2DF28B3620EE}.Debug|ARM.Deploy.0 = Debug|Any CPU
		{E230097B-3EB8-46CC-AEC2-2DF28B3620EE}.Debug|iPhone.ActiveCfg = Debug|Any CPU
		{E230097B-3EB8-46CC-AEC2-2DF28B3620EE}.Debug|iPhone.Build.0 = Debug|Any CPU
		{E230097B-3EB8-46CC-AEC2-2DF28B3620EE}.Debug|iPhone.Deploy.0 = Debug|Any CPU
		{E230097B-3EB8-46CC-AEC2-2DF28B3620EE}.Debug|iPhoneSimulator.ActiveCfg = Debug|Any CPU
		{E230097B-3EB8-46CC-AEC2-2DF28B3620EE}.Debug|iPhoneSimulator.Build.0 = Debug|Any CPU
		{E230097B-3EB8-46CC-AEC2-2DF28B3620EE}.Debug|iPhoneSimulator.Deploy.0 = Debug|Any CPU
		{E230097B-3EB8-46CC-AEC2-2DF28B3620EE}.Debug|x64.ActiveCfg = Debug|Any CPU
		{E230097B-3EB8-46CC-AEC2-2DF28B3620EE}.Debug|x64.Build.0 = Debug|Any CPU
		{E230097B-3EB8-46CC-AEC2-2DF28B3620EE}.Debug|x64.Deploy.0 = Debug|Any CPU
		{E230097B-3EB8-46CC-AEC2-2DF28B3620EE}.Debug|x86.ActiveCfg = Debug|Any CPU
		{E230097B-3EB8-46CC-AEC2-2DF28B3620EE}.Debug|x86.Build.0 = Debug|Any CPU
		{E230097B-3EB8-46CC-AEC2-2DF28B3620EE}.Debug|x86.Deploy.0 = Debug|Any CPU
		{E230097B-3EB8-46CC-AEC2-2DF28B3620EE}.Release|Any CPU.ActiveCfg = Release|Any CPU
		{E230097B-3EB8-46CC-AEC2-2DF28B3620EE}.Release|Any CPU.Build.0 = Release|Any CPU
		{E230097B-3EB8-46CC-AEC2-2DF28B3620EE}.Release|Any CPU.Deploy.0 = Release|Any CPU
		{E230097B-3EB8-46CC-AEC2-2DF28B3620EE}.Release|ARM.ActiveCfg = Release|Any CPU
		{E230097B-3EB8-46CC-AEC2-2DF28B3620EE}.Release|ARM.Build.0 = Release|Any CPU
		{E230097B-3EB8-46CC-AEC2-2DF28B3620EE}.Release|ARM.Deploy.0 = Release|Any CPU
		{E230097B-3EB8-46CC-AEC2-2DF28B3620EE}.Release|iPhone.ActiveCfg = Release|Any CPU
		{E230097B-3EB8-46CC-AEC2-2DF28B3620EE}.Release|iPhone.Build.0 = Release|Any CPU
		{E230097B-3EB8-46CC-AEC2-2DF28B3620EE}.Release|iPhone.Deploy.0 = Release|Any CPU
		{E230097B-3EB8-46CC-AEC2-2DF28B3620EE}.Release|iPhoneSimulator.ActiveCfg = Release|Any CPU
		{E230097B-3EB8-46CC-AEC2-2DF28B3620EE}.Release|iPhoneSimulator.Build.0 = Release|Any CPU
		{E230097B-3EB8-46CC-AEC2-2DF28B3620EE}.Release|iPhoneSimulator.Deploy.0 = Release|Any CPU
		{E230097B-3EB8-46CC-AEC2-2DF28B3620EE}.Release|x64.ActiveCfg = Release|Any CPU
		{E230097B-3EB8-46CC-AEC2-2DF28B3620EE}.Release|x64.Build.0 = Release|Any CPU
		{E230097B-3EB8-46CC-AEC2-2DF28B3620EE}.Release|x64.Deploy.0 = Release|Any CPU
		{E230097B-3EB8-46CC-AEC2-2DF28B3620EE}.Release|x86.ActiveCfg = Release|Any CPU
		{E230097B-3EB8-46CC-AEC2-2DF28B3620EE}.Release|x86.Build.0 = Release|Any CPU
		{E230097B-3EB8-46CC-AEC2-2DF28B3620EE}.Release|x86.Deploy.0 = Release|Any CPU
		{CEDE30F0-57CA-4D40-81F3-319FE4BC0188}.Ad-Hoc|Any CPU.ActiveCfg = Ad-Hoc|iPhone
		{CEDE30F0-57CA-4D40-81F3-319FE4BC0188}.Ad-Hoc|ARM.ActiveCfg = Ad-Hoc|iPhone
		{CEDE30F0-57CA-4D40-81F3-319FE4BC0188}.Ad-Hoc|iPhone.ActiveCfg = Ad-Hoc|iPhone
		{CEDE30F0-57CA-4D40-81F3-319FE4BC0188}.Ad-Hoc|iPhone.Build.0 = Ad-Hoc|iPhone
		{CEDE30F0-57CA-4D40-81F3-319FE4BC0188}.Ad-Hoc|iPhoneSimulator.ActiveCfg = Ad-Hoc|iPhoneSimulator
		{CEDE30F0-57CA-4D40-81F3-319FE4BC0188}.Ad-Hoc|iPhoneSimulator.Build.0 = Ad-Hoc|iPhoneSimulator
		{CEDE30F0-57CA-4D40-81F3-319FE4BC0188}.Ad-Hoc|x64.ActiveCfg = Ad-Hoc|iPhone
		{CEDE30F0-57CA-4D40-81F3-319FE4BC0188}.Ad-Hoc|x86.ActiveCfg = Ad-Hoc|iPhone
		{CEDE30F0-57CA-4D40-81F3-319FE4BC0188}.AppStore|Any CPU.ActiveCfg = AppStore|iPhone
		{CEDE30F0-57CA-4D40-81F3-319FE4BC0188}.AppStore|ARM.ActiveCfg = AppStore|iPhone
		{CEDE30F0-57CA-4D40-81F3-319FE4BC0188}.AppStore|iPhone.ActiveCfg = AppStore|iPhone
		{CEDE30F0-57CA-4D40-81F3-319FE4BC0188}.AppStore|iPhone.Build.0 = AppStore|iPhone
		{CEDE30F0-57CA-4D40-81F3-319FE4BC0188}.AppStore|iPhoneSimulator.ActiveCfg = AppStore|iPhoneSimulator
		{CEDE30F0-57CA-4D40-81F3-319FE4BC0188}.AppStore|iPhoneSimulator.Build.0 = AppStore|iPhoneSimulator
		{CEDE30F0-57CA-4D40-81F3-319FE4BC0188}.AppStore|x64.ActiveCfg = AppStore|iPhone
		{CEDE30F0-57CA-4D40-81F3-319FE4BC0188}.AppStore|x86.ActiveCfg = AppStore|iPhone
		{CEDE30F0-57CA-4D40-81F3-319FE4BC0188}.Debug|Any CPU.ActiveCfg = Debug|iPhone
		{CEDE30F0-57CA-4D40-81F3-319FE4BC0188}.Debug|ARM.ActiveCfg = Debug|iPhone
		{CEDE30F0-57CA-4D40-81F3-319FE4BC0188}.Debug|iPhone.ActiveCfg = Debug|iPhone
		{CEDE30F0-57CA-4D40-81F3-319FE4BC0188}.Debug|iPhone.Build.0 = Debug|iPhone
		{CEDE30F0-57CA-4D40-81F3-319FE4BC0188}.Debug|iPhoneSimulator.ActiveCfg = Debug|iPhoneSimulator
		{CEDE30F0-57CA-4D40-81F3-319FE4BC0188}.Debug|iPhoneSimulator.Build.0 = Debug|iPhoneSimulator
		{CEDE30F0-57CA-4D40-81F3-319FE4BC0188}.Debug|x64.ActiveCfg = Debug|iPhone
		{CEDE30F0-57CA-4D40-81F3-319FE4BC0188}.Debug|x86.ActiveCfg = Debug|iPhone
		{CEDE30F0-57CA-4D40-81F3-319FE4BC0188}.Release|Any CPU.ActiveCfg = Release|iPhone
		{CEDE30F0-57CA-4D40-81F3-319FE4BC0188}.Release|ARM.ActiveCfg = Release|iPhone
		{CEDE30F0-57CA-4D40-81F3-319FE4BC0188}.Release|iPhone.ActiveCfg = Release|iPhone
		{CEDE30F0-57CA-4D40-81F3-319FE4BC0188}.Release|iPhone.Build.0 = Release|iPhone
		{CEDE30F0-57CA-4D40-81F3-319FE4BC0188}.Release|iPhoneSimulator.ActiveCfg = Release|iPhoneSimulator
		{CEDE30F0-57CA-4D40-81F3-319FE4BC0188}.Release|iPhoneSimulator.Build.0 = Release|iPhoneSimulator
		{CEDE30F0-57CA-4D40-81F3-319FE4BC0188}.Release|x64.ActiveCfg = Release|iPhone
		{CEDE30F0-57CA-4D40-81F3-319FE4BC0188}.Release|x86.ActiveCfg = Release|iPhone
	EndGlobalSection
	GlobalSection(SolutionProperties) = preSolution
		HideSolutionNode = FALSE
	EndGlobalSection
EndGlobal
